# THIS IS AN AUTOGENERATED FILE. DO NOT EDIT THIS FILE DIRECTLY.
assets/shop.js.liquid:
  development: 2018-02-02T16:28:15-05:00
assets/style.css.liquid:
  development: 2018-02-02T16:28:15-05:00
config/settings_data.json:
  development: 2018-02-02T16:28:15-05:00   99914b932bd37a50b983c5e7c90ae93b
config/settings_schema.json:
  development: 2018-02-02T16:28:15-05:00   a1aad4925e9a7569560e23cc6ecf93c1
layout/theme.liquid:
  development: 2018-02-02T16:35:53-05:00   290d6e1afa7fc6b9b84367fb0256ce20
templates/404.liquid:
  development: 2018-02-02T16:28:15-05:00   153e2e400162f1ffc97dba4700b0d62b
templates/article.liquid:
  development: 2018-02-02T16:28:15-05:00   ade6f93b4427ea6f91c320463f2dacec
templates/blog.liquid:
  development: 2018-02-02T16:28:15-05:00   0598241c38b5f2aafb30cbaf1219373e
templates/cart.liquid:
  development: 2018-02-02T16:28:15-05:00   979ea5c9aba2d3cf542754947eefbacd
templates/collection.liquid:
  development: 2018-02-02T16:28:15-05:00   ef8480e4b29e1ddb0af2ca059a3f1917
templates/index.liquid:
  development: 2018-02-02T16:28:15-05:00   5c1075eb708b222f34f920154fad3369
templates/list-collections.liquid:
  development: 2018-02-02T16:28:15-05:00   31e3dc19c53b28349257f298c8f11c22
templates/page.liquid:
  development: 2018-02-02T16:28:15-05:00   fac0e67335e3d2665f644c69e0187f92
templates/password.liquid:
  development: 2018-02-02T16:28:15-05:00   53eb5f0c8643496a7cfb5458addb14e0
templates/product.liquid:
  development: 2018-02-02T16:28:15-05:00   98e1ea7c53e4193a1e39cf0ec9b5bf52
templates/search.liquid:
  development: 2018-02-02T16:28:15-05:00   ccc9508f4c5e7043ee796775bcb10ce8
