# THIS IS AN AUTOGENERATED FILE. DO NOT EDIT THIS FILE DIRECTLY.
assets/shop.js.liquid:
  development: 2018-02-02T16:28:15-05:00
assets/style.css.liquid:
  development: 2018-02-03T18:07:11-05:00   6a698be6228c2a5a8df13729077332a2
config/settings_data.json:
  development: 2018-02-02T16:28:15-05:00   99914b932bd37a50b983c5e7c90ae93b
config/settings_schema.json:
  development: 2018-02-02T16:28:15-05:00   a1aad4925e9a7569560e23cc6ecf93c1
layout/theme.liquid:
  development: 2018-02-03T16:06:36-05:00   a3be7812d5709b91e306d591a1d6b93e
sections/cart.liquid:
  development: 2018-02-03T16:05:34-05:00   b723d11802f19c3cbdae4a5add6d5ac3
sections/footer.liquid:
  development: 2018-02-03T15:37:32-05:00   644d4c505fb939c28a54ddbd857fabc7
sections/navbar.liquid:
  development: 2018-02-03T14:23:00-05:00   fd2be0db7b1c7513f4d85a734a8bce3f
templates/404.liquid:
  development: 2018-02-03T13:20:38-05:00   d32827a03c0b657eb6334ed9b44403f4
templates/article.liquid:
  development: 2018-02-03T13:39:01-05:00   a6fa7ce04409711ee95b6d2c9c171760
templates/blog.liquid:
  development: 2018-02-03T13:39:31-05:00   e41131daf02395bf0dac8d4eac7f2c84
templates/cart.liquid:
  development: 2018-02-02T16:28:15-05:00   979ea5c9aba2d3cf542754947eefbacd
templates/collection.liquid:
  development: 2018-02-03T17:52:12-05:00   7b9f016f03712e4a84f3157dc89e9c37
templates/index.liquid:
  development: 2018-02-03T18:06:50-05:00   39e394f7a1e5112a03982a727c35dbb4
templates/list-collections.liquid:
  development: 2018-02-03T13:40:55-05:00   97f623fe6b855ce7f4f8b1fd3f6337d0
templates/page.liquid:
  development: 2018-02-03T15:52:25-05:00   e4e649dc6302a3e23ee8c88e4a8e4314
templates/password.liquid:
  development: 2018-02-03T13:41:22-05:00
templates/product.liquid:
  development: 2018-02-03T14:29:47-05:00   c026d5143cd6a4eb53d37e1828693200
templates/search.liquid:
  development: 2018-02-03T13:42:32-05:00   68b329da9893e34099c7d8ad5cb9c940
